<?xml version="1.0" encoding="utf-8"?>
<Project ToolsVersion="4.0" xmlns="http://schemas.microsoft.com/developer/msbuild/2003">
  <ItemGroup>
    <Filter Include="Source">
      <UniqueIdentifier>{4FC737F1-C7A5-4376-A066-2A32D752A2FF}</UniqueIdentifier>
    </Filter>
    <Filter Include="Source\BeyondLink">
      <UniqueIdentifier>{93995380-89BD-4b04-88EB-625FBE52EBFB}</UniqueIdentifier>
    </Filter>
    <Filter Include="Source\BeyondLink\Public">
      <UniqueIdentifier>{67DA6AB6-F800-4c08-8B7A-83BB121AAD01}</UniqueIdentifier>
    </Filter>
    <Filter Include="Source\BeyondLink\Private">
      <UniqueIdentifier>{F0C8AF1C-9B5D-4C3E-8A2D-1E4F5A6B7C8D}</UniqueIdentifier>
    </Filter>
    <Filter Include="Source\Core">
      <UniqueIdentifier>{2DAB880B-99B4-887C-2230-9F7C8E38947C}</UniqueIdentifier>
    </Filter>
    <Filter Include="Source\Core\Public">
      <UniqueIdentifier>{8E45A9B7-6F12-4C3D-9E8A-1B2C3D4E5F67}</UniqueIdentifier>
    </Filter>
    <Filter Include="Source\Core\Private">
      <UniqueIdentifier>{A1B2C3D4-E5F6-7890-ABCD-EF1234567890}</UniqueIdentifier>
    </Filter>
    <Filter Include="ThirdParty">
      <UniqueIdentifier>{B2C3D4E5-F6A7-8901-BCDE-F12345678901}</UniqueIdentifier>
    </Filter>
    <Filter Include="ThirdParty\Laser">
      <UniqueIdentifier>{C3D4E5F6-A7B8-9012-CDEF-123456789012}</UniqueIdentifier>
    </Filter>
  </ItemGroup>
  <ItemGroup>
    <ClCompile Include="Source\BeyondLink.cpp">
      <Filter>Source\BeyondLink\Private</Filter>
    </ClCompile>
    <ClCompile Include="Source\LaserRenderer.cpp">
      <Filter>Source\BeyondLink\Private</Filter>
    </ClCompile>
    <ClCompile Include="Source\LaserWindow.cpp">
      <Filter>Source\BeyondLink\Private</Filter>
    </ClCompile>
    <ClCompile Include="Source\Main.cpp">
      <Filter>Source\BeyondLink\Private</Filter>
    </ClCompile>
    <ClCompile Include="Source\LaserProtocol.cpp">
      <Filter>Source\Core\Private</Filter>
    </ClCompile>
    <ClCompile Include="Source\LaserSource.cpp">
      <Filter>Source\Core\Private</Filter>
    </ClCompile>
  </ItemGroup>
  <ItemGroup>
    <ClInclude Include="include\BeyondLink.h">
      <Filter>Source\BeyondLink\Public</Filter>
    </ClInclude>
    <ClInclude Include="include\LaserRenderer.h">
      <Filter>Source\BeyondLink\Public</Filter>
    </ClInclude>
    <ClInclude Include="include\LaserWindow.h">
      <Filter>Source\BeyondLink\Public</Filter>
    </ClInclude>
    <ClInclude Include="include\LaserPoint.h">
      <Filter>Source\Core\Public</Filter>
    </ClInclude>
    <ClInclude Include="include\LaserProtocol.h">
      <Filter>Source\Core\Public</Filter>
    </ClInclude>
    <ClInclude Include="include\LaserSettings.h">
      <Filter>Source\Core\Public</Filter>
    </ClInclude>
    <ClInclude Include="include\LaserSource.h">
      <Filter>Source\Core\Public</Filter>
    </ClInclude>
  </ItemGroup>
  <ItemGroup>
    <None Include="bin\linetD2_x64.dll">
      <Filter>ThirdParty\Laser</Filter>
    </None>
    <None Include="bin\matrix64.dll">
      <Filter>ThirdParty\Laser</Filter>
    </None>
  </ItemGroup>
</Project>

